
Microsoft Visual Studio Solution File, Format Version 12.00
# Visual Studio 15
VisualStudioVersion = 15.0.27130.0
MinimumVisualStudioVersion = 10.0.40219.1
Project("{FAE04EC0-301F-11D3-BF4B-00C04F79EFBC}") = "TransactionAwareStateMachine", "TransactionAwareStateMachine\TransactionAwareStateMachine.csproj", "{D34D378C-02B6-4CF5-98BB-FAB6B6EE55AD}"
EndProject
Project("{FAE04EC0-301F-11D3-BF4B-00C04F79EFBC}") = "TransactionAwareMediator", "TransactionAwareMediator\TransactionAwareMediator.csproj", "{FEF4693E-5131-4BF4-A70E-04CAEC956DA6}"
EndProject
Global
	GlobalSection(SolutionConfigurationPlatforms) = preSolution
		Debug|Any CPU = Debug|Any CPU
		Release|Any CPU = Release|Any CPU
	EndGlobalSection
	GlobalSection(ProjectConfigurationPlatforms) = postSolution
		{D34D378C-02B6-4CF5-98BB-FAB6B6EE55AD}.Debug|Any CPU.ActiveCfg = Debug|Any CPU
		{D34D378C-02B6-4CF5-98BB-FAB6B6EE55AD}.Debug|Any CPU.Build.0 = Debug|Any CPU
		{D34D378C-02B6-4CF5-98BB-FAB6B6EE55AD}.Release|Any CPU.ActiveCfg = Release|Any CPU
		{D34D378C-02B6-4CF5-98BB-FAB6B6EE55AD}.Release|Any CPU.Build.0 = Release|Any CPU
		{FEF4693E-5131-4BF4-A70E-04CAEC956DA6}.Debug|Any CPU.ActiveCfg = Debug|Any CPU
		{FEF4693E-5131-4BF4-A70E-04CAEC956DA6}.Debug|Any CPU.Build.0 = Debug|Any CPU
		{FEF4693E-5131-4BF4-A70E-04CAEC956DA6}.Release|Any CPU.ActiveCfg = Release|Any CPU
		{FEF4693E-5131-4BF4-A70E-04CAEC956DA6}.Release|Any CPU.Build.0 = Release|Any CPU
	EndGlobalSection
	GlobalSection(SolutionProperties) = preSolution
		HideSolutionNode = FALSE
	EndGlobalSection
	GlobalSection(ExtensibilityGlobals) = postSolution
		SolutionGuid = {755A41AA-586D-4F80-9F89-35D6E62768DF}
	EndGlobalSection
EndGlobal
